// !$*UTF8*$!
{
	archiveVersion = 1;
	classes = {
	};
	objectVersion = 56;
	objects = {

/* Begin PBXBuildFile section */
		A36DE8332B9F49F4009F4A3A /* DecodableMock.swift in Sources */ = {isa = PBXBuildFile; fileRef = A36DE8322B9F49F4009F4A3A /* DecodableMock.swift */; };
		A36DE8352B9F4A07009F4A3A /* ResponseDecoderMock.swift in Sources */ = {isa = PBXBuildFile; fileRef = A36DE8342B9F4A07009F4A3A /* ResponseDecoderMock.swift */; };
		A36DE8372B9F4A16009F4A3A /* DecodableAPIRequestMock.swift in Sources */ = {isa = PBXBuildFile; fileRef = A36DE8362B9F4A16009F4A3A /* DecodableAPIRequestMock.swift */; };
		A36DE8392B9F4ABE009F4A3A /* APIServiceErrorResolverMock.swift in Sources */ = {isa = PBXBuildFile; fileRef = A36DE8382B9F4ABE009F4A3A /* APIServiceErrorResolverMock.swift */; };
		A36DE8412B9F625F009F4A3A /* HTTPClientDefault.swift in Sources */ = {isa = PBXBuildFile; fileRef = A36DE8402B9F625F009F4A3A /* HTTPClientDefault.swift */; };
		A36DE8442B9F6864009F4A3A /* NetworkServiceDefault.swift in Sources */ = {isa = PBXBuildFile; fileRef = A36DE8432B9F6864009F4A3A /* NetworkServiceDefault.swift */; };
		A36DE8462B9F6CC0009F4A3A /* APIRequestDefault.swift in Sources */ = {isa = PBXBuildFile; fileRef = A36DE8452B9F6CC0009F4A3A /* APIRequestDefault.swift */; };
		A36DE8482B9F6CCE009F4A3A /* APIConfigurationDefault.swift in Sources */ = {isa = PBXBuildFile; fileRef = A36DE8472B9F6CCE009F4A3A /* APIConfigurationDefault.swift */; };
		A3944C6B2B9CF2F70086B326 /* XCTestCase+Extensions.swift in Sources */ = {isa = PBXBuildFile; fileRef = A3944C6A2B9CF2F70086B326 /* XCTestCase+Extensions.swift */; };
		A3944C6D2B9D39AE0086B326 /* Limbo.swift in Sources */ = {isa = PBXBuildFile; fileRef = A3944C6C2B9D39AE0086B326 /* Limbo.swift */; };
		A3944C752B9D3E750086B326 /* URLProtocolMock.swift in Sources */ = {isa = PBXBuildFile; fileRef = A3944C742B9D3E750086B326 /* URLProtocolMock.swift */; };
		A3944C772B9D3ED50086B326 /* HTTPClientMock.swift in Sources */ = {isa = PBXBuildFile; fileRef = A3944C762B9D3ED50086B326 /* HTTPClientMock.swift */; };
		A3944C7A2B9D403D0086B326 /* HTTPClientTests.swift in Sources */ = {isa = PBXBuildFile; fileRef = A3944C792B9D403D0086B326 /* HTTPClientTests.swift */; };
		A3944C7C2B9DEE2D0086B326 /* HTTPURLResponse+Extensions.swift in Sources */ = {isa = PBXBuildFile; fileRef = A3944C7B2B9DEE2D0086B326 /* HTTPURLResponse+Extensions.swift */; };
		A3944C7E2B9DFA470086B326 /* NetworkServiceMock.swift in Sources */ = {isa = PBXBuildFile; fileRef = A3944C7D2B9DFA470086B326 /* NetworkServiceMock.swift */; };
		A3944C802B9E6D560086B326 /* NetworkServiceTests.swift in Sources */ = {isa = PBXBuildFile; fileRef = A3944C7F2B9E6D560086B326 /* NetworkServiceTests.swift */; };
		A3944C822B9E6E7D0086B326 /* APIConfigurationMock.swift in Sources */ = {isa = PBXBuildFile; fileRef = A3944C812B9E6E7D0086B326 /* APIConfigurationMock.swift */; };
		A3944C842B9E705A0086B326 /* APIRequestMock.swift in Sources */ = {isa = PBXBuildFile; fileRef = A3944C832B9E705A0086B326 /* APIRequestMock.swift */; };
		A3944C882B9E888A0086B326 /* NetworkServiceErrorResolverMock.swift in Sources */ = {isa = PBXBuildFile; fileRef = A3944C872B9E888A0086B326 /* NetworkServiceErrorResolverMock.swift */; };
		A3944C8A2B9E89440086B326 /* URLResponseValidatorMock.swift in Sources */ = {isa = PBXBuildFile; fileRef = A3944C892B9E89440086B326 /* URLResponseValidatorMock.swift */; };
		A3944C8C2B9E8AAA0086B326 /* APIServiceMock.swift in Sources */ = {isa = PBXBuildFile; fileRef = A3944C8B2B9E8AAA0086B326 /* APIServiceMock.swift */; };
		A3944C8E2B9E8FCB0086B326 /* APIServiceTests.swift in Sources */ = {isa = PBXBuildFile; fileRef = A3944C8D2B9E8FCB0086B326 /* APIServiceTests.swift */; };
		A3B754AF2BA0C4BD004E22CB /* NetworkServiceErrorResolverDefault.swift in Sources */ = {isa = PBXBuildFile; fileRef = A3B754AE2BA0C4BD004E22CB /* NetworkServiceErrorResolverDefault.swift */; };
		A3B754B12BA0C4CC004E22CB /* URLResponseValidatorDefault.swift in Sources */ = {isa = PBXBuildFile; fileRef = A3B754B02BA0C4CC004E22CB /* URLResponseValidatorDefault.swift */; };
		A3D165C82B97C67B00F225CE /* AppDelegate.swift in Sources */ = {isa = PBXBuildFile; fileRef = A3D165C72B97C67B00F225CE /* AppDelegate.swift */; };
		A3D165CA2B97C67B00F225CE /* SceneDelegate.swift in Sources */ = {isa = PBXBuildFile; fileRef = A3D165C92B97C67B00F225CE /* SceneDelegate.swift */; };
		A3D165D12B97C67D00F225CE /* Assets.xcassets in Resources */ = {isa = PBXBuildFile; fileRef = A3D165D02B97C67D00F225CE /* Assets.xcassets */; };
		A3D165D42B97C67D00F225CE /* LaunchScreen.storyboard in Resources */ = {isa = PBXBuildFile; fileRef = A3D165D22B97C67D00F225CE /* LaunchScreen.storyboard */; };
		A3D165DF2B97C67D00F225CE /* RickAndMortyTests.swift in Sources */ = {isa = PBXBuildFile; fileRef = A3D165DE2B97C67D00F225CE /* RickAndMortyTests.swift */; };
/* End PBXBuildFile section */

/* Begin PBXContainerItemProxy section */
		A3D165DB2B97C67D00F225CE /* PBXContainerItemProxy */ = {
			isa = PBXContainerItemProxy;
			containerPortal = A3D165BC2B97C67B00F225CE /* Project object */;
			proxyType = 1;
			remoteGlobalIDString = A3D165C32B97C67B00F225CE;
			remoteInfo = RickAndMorty;
		};
/* End PBXContainerItemProxy section */

/* Begin PBXFileReference section */
		A36DE8322B9F49F4009F4A3A /* DecodableMock.swift */ = {isa = PBXFileReference; lastKnownFileType = sourcecode.swift; path = DecodableMock.swift; sourceTree = "<group>"; };
		A36DE8342B9F4A07009F4A3A /* ResponseDecoderMock.swift */ = {isa = PBXFileReference; lastKnownFileType = sourcecode.swift; path = ResponseDecoderMock.swift; sourceTree = "<group>"; };
		A36DE8362B9F4A16009F4A3A /* DecodableAPIRequestMock.swift */ = {isa = PBXFileReference; lastKnownFileType = sourcecode.swift; path = DecodableAPIRequestMock.swift; sourceTree = "<group>"; };
		A36DE8382B9F4ABE009F4A3A /* APIServiceErrorResolverMock.swift */ = {isa = PBXFileReference; lastKnownFileType = sourcecode.swift; path = APIServiceErrorResolverMock.swift; sourceTree = "<group>"; };
		A36DE8402B9F625F009F4A3A /* HTTPClientDefault.swift */ = {isa = PBXFileReference; lastKnownFileType = sourcecode.swift; path = HTTPClientDefault.swift; sourceTree = "<group>"; };
		A36DE8432B9F6864009F4A3A /* NetworkServiceDefault.swift */ = {isa = PBXFileReference; lastKnownFileType = sourcecode.swift; path = NetworkServiceDefault.swift; sourceTree = "<group>"; };
		A36DE8452B9F6CC0009F4A3A /* APIRequestDefault.swift */ = {isa = PBXFileReference; lastKnownFileType = sourcecode.swift; path = APIRequestDefault.swift; sourceTree = "<group>"; };
		A36DE8472B9F6CCE009F4A3A /* APIConfigurationDefault.swift */ = {isa = PBXFileReference; lastKnownFileType = sourcecode.swift; path = APIConfigurationDefault.swift; sourceTree = "<group>"; };
		A3944C682B9CF03B0086B326 /* RickAndMorty.xctestplan */ = {isa = PBXFileReference; lastKnownFileType = text; path = RickAndMorty.xctestplan; sourceTree = "<group>"; };
		A3944C6A2B9CF2F70086B326 /* XCTestCase+Extensions.swift */ = {isa = PBXFileReference; lastKnownFileType = sourcecode.swift; path = "XCTestCase+Extensions.swift"; sourceTree = "<group>"; };
		A3944C6C2B9D39AE0086B326 /* Limbo.swift */ = {isa = PBXFileReference; lastKnownFileType = sourcecode.swift; path = Limbo.swift; sourceTree = "<group>"; };
		A3944C742B9D3E750086B326 /* URLProtocolMock.swift */ = {isa = PBXFileReference; lastKnownFileType = sourcecode.swift; path = URLProtocolMock.swift; sourceTree = "<group>"; };
		A3944C762B9D3ED50086B326 /* HTTPClientMock.swift */ = {isa = PBXFileReference; lastKnownFileType = sourcecode.swift; path = HTTPClientMock.swift; sourceTree = "<group>"; };
		A3944C792B9D403D0086B326 /* HTTPClientTests.swift */ = {isa = PBXFileReference; lastKnownFileType = sourcecode.swift; path = HTTPClientTests.swift; sourceTree = "<group>"; };
		A3944C7B2B9DEE2D0086B326 /* HTTPURLResponse+Extensions.swift */ = {isa = PBXFileReference; lastKnownFileType = sourcecode.swift; path = "HTTPURLResponse+Extensions.swift"; sourceTree = "<group>"; };
		A3944C7D2B9DFA470086B326 /* NetworkServiceMock.swift */ = {isa = PBXFileReference; lastKnownFileType = sourcecode.swift; path = NetworkServiceMock.swift; sourceTree = "<group>"; };
		A3944C7F2B9E6D560086B326 /* NetworkServiceTests.swift */ = {isa = PBXFileReference; lastKnownFileType = sourcecode.swift; path = NetworkServiceTests.swift; sourceTree = "<group>"; };
		A3944C812B9E6E7D0086B326 /* APIConfigurationMock.swift */ = {isa = PBXFileReference; lastKnownFileType = sourcecode.swift; path = APIConfigurationMock.swift; sourceTree = "<group>"; };
		A3944C832B9E705A0086B326 /* APIRequestMock.swift */ = {isa = PBXFileReference; lastKnownFileType = sourcecode.swift; path = APIRequestMock.swift; sourceTree = "<group>"; };
		A3944C872B9E888A0086B326 /* NetworkServiceErrorResolverMock.swift */ = {isa = PBXFileReference; lastKnownFileType = sourcecode.swift; path = NetworkServiceErrorResolverMock.swift; sourceTree = "<group>"; };
		A3944C892B9E89440086B326 /* URLResponseValidatorMock.swift */ = {isa = PBXFileReference; lastKnownFileType = sourcecode.swift; path = URLResponseValidatorMock.swift; sourceTree = "<group>"; };
		A3944C8B2B9E8AAA0086B326 /* APIServiceMock.swift */ = {isa = PBXFileReference; lastKnownFileType = sourcecode.swift; path = APIServiceMock.swift; sourceTree = "<group>"; };
		A3944C8D2B9E8FCB0086B326 /* APIServiceTests.swift */ = {isa = PBXFileReference; lastKnownFileType = sourcecode.swift; path = APIServiceTests.swift; sourceTree = "<group>"; };
		A3B754AE2BA0C4BD004E22CB /* NetworkServiceErrorResolverDefault.swift */ = {isa = PBXFileReference; lastKnownFileType = sourcecode.swift; path = NetworkServiceErrorResolverDefault.swift; sourceTree = "<group>"; };
		A3B754B02BA0C4CC004E22CB /* URLResponseValidatorDefault.swift */ = {isa = PBXFileReference; lastKnownFileType = sourcecode.swift; path = URLResponseValidatorDefault.swift; sourceTree = "<group>"; };
		A3D165C42B97C67B00F225CE /* RickAndMorty.app */ = {isa = PBXFileReference; explicitFileType = wrapper.application; includeInIndex = 0; path = RickAndMorty.app; sourceTree = BUILT_PRODUCTS_DIR; };
		A3D165C72B97C67B00F225CE /* AppDelegate.swift */ = {isa = PBXFileReference; lastKnownFileType = sourcecode.swift; path = AppDelegate.swift; sourceTree = "<group>"; };
		A3D165C92B97C67B00F225CE /* SceneDelegate.swift */ = {isa = PBXFileReference; lastKnownFileType = sourcecode.swift; path = SceneDelegate.swift; sourceTree = "<group>"; };
		A3D165D02B97C67D00F225CE /* Assets.xcassets */ = {isa = PBXFileReference; lastKnownFileType = folder.assetcatalog; path = Assets.xcassets; sourceTree = "<group>"; };
		A3D165D32B97C67D00F225CE /* Base */ = {isa = PBXFileReference; lastKnownFileType = file.storyboard; name = Base; path = Base.lproj/LaunchScreen.storyboard; sourceTree = "<group>"; };
		A3D165D52B97C67D00F225CE /* Info.plist */ = {isa = PBXFileReference; lastKnownFileType = text.plist.xml; path = Info.plist; sourceTree = "<group>"; };
		A3D165DA2B97C67D00F225CE /* RickAndMortyTests.xctest */ = {isa = PBXFileReference; explicitFileType = wrapper.cfbundle; includeInIndex = 0; path = RickAndMortyTests.xctest; sourceTree = BUILT_PRODUCTS_DIR; };
		A3D165DE2B97C67D00F225CE /* RickAndMortyTests.swift */ = {isa = PBXFileReference; lastKnownFileType = sourcecode.swift; path = RickAndMortyTests.swift; sourceTree = "<group>"; };
/* End PBXFileReference section */

/* Begin PBXFrameworksBuildPhase section */
		A3D165C12B97C67B00F225CE /* Frameworks */ = {
			isa = PBXFrameworksBuildPhase;
			buildActionMask = 2147483647;
			files = (
			);
			runOnlyForDeploymentPostprocessing = 0;
		};
		A3D165D72B97C67D00F225CE /* Frameworks */ = {
			isa = PBXFrameworksBuildPhase;
			buildActionMask = 2147483647;
			files = (
			);
			runOnlyForDeploymentPostprocessing = 0;
		};
/* End PBXFrameworksBuildPhase section */

/* Begin PBXGroup section */
		A36DE83A2B9F4B6B009F4A3A /* Network */ = {
			isa = PBXGroup;
			children = (
				A3944C8D2B9E8FCB0086B326 /* APIServiceTests.swift */,
				A3944C792B9D403D0086B326 /* HTTPClientTests.swift */,
				A3944C7F2B9E6D560086B326 /* NetworkServiceTests.swift */,
				A36DE83E2B9F6220009F4A3A /* Implementations */,
				A3944C732B9D3E680086B326 /* Mocks */,
			);
			path = Network;
			sourceTree = "<group>";
		};
		A36DE83B2B9F4BA6009F4A3A /* HTTPClient */ = {
			isa = PBXGroup;
			children = (
				A3944C812B9E6E7D0086B326 /* APIConfigurationMock.swift */,
				A3944C832B9E705A0086B326 /* APIRequestMock.swift */,
				A3944C762B9D3ED50086B326 /* HTTPClientMock.swift */,
				A3944C742B9D3E750086B326 /* URLProtocolMock.swift */,
			);
			path = HTTPClient;
			sourceTree = "<group>";
		};
		A36DE83C2B9F4BAC009F4A3A /* NetworkService */ = {
			isa = PBXGroup;
			children = (
				A3944C872B9E888A0086B326 /* NetworkServiceErrorResolverMock.swift */,
				A3944C7D2B9DFA470086B326 /* NetworkServiceMock.swift */,
				A3944C892B9E89440086B326 /* URLResponseValidatorMock.swift */,
			);
			path = NetworkService;
			sourceTree = "<group>";
		};
		A36DE83D2B9F4BB1009F4A3A /* APIService */ = {
			isa = PBXGroup;
			children = (
				A36DE8382B9F4ABE009F4A3A /* APIServiceErrorResolverMock.swift */,
				A3944C8B2B9E8AAA0086B326 /* APIServiceMock.swift */,
				A36DE8362B9F4A16009F4A3A /* DecodableAPIRequestMock.swift */,
				A36DE8342B9F4A07009F4A3A /* ResponseDecoderMock.swift */,
			);
			path = APIService;
			sourceTree = "<group>";
		};
		A36DE83E2B9F6220009F4A3A /* Implementations */ = {
			isa = PBXGroup;
			children = (
				A36DE83F2B9F6248009F4A3A /* HTTPClient */,
				A36DE8422B9F6856009F4A3A /* NetworkService */,
			);
			path = Implementations;
			sourceTree = "<group>";
		};
		A36DE83F2B9F6248009F4A3A /* HTTPClient */ = {
			isa = PBXGroup;
			children = (
				A36DE8472B9F6CCE009F4A3A /* APIConfigurationDefault.swift */,
				A36DE8452B9F6CC0009F4A3A /* APIRequestDefault.swift */,
				A36DE8402B9F625F009F4A3A /* HTTPClientDefault.swift */,
			);
			path = HTTPClient;
			sourceTree = "<group>";
		};
		A36DE8422B9F6856009F4A3A /* NetworkService */ = {
			isa = PBXGroup;
			children = (
				A36DE8432B9F6864009F4A3A /* NetworkServiceDefault.swift */,
				A3B754AE2BA0C4BD004E22CB /* NetworkServiceErrorResolverDefault.swift */,
				A3B754B02BA0C4CC004E22CB /* URLResponseValidatorDefault.swift */,
			);
			path = NetworkService;
			sourceTree = "<group>";
		};
		A3944C212B9914ED0086B326 /* Supporting Files */ = {
			isa = PBXGroup;
			children = (
				A3D165D02B97C67D00F225CE /* Assets.xcassets */,
				A3D165D22B97C67D00F225CE /* LaunchScreen.storyboard */,
				A3D165D52B97C67D00F225CE /* Info.plist */,
			);
			path = "Supporting Files";
			sourceTree = "<group>";
		};
		A3944C222B9914F70086B326 /* Application */ = {
			isa = PBXGroup;
			children = (
				A3D165C72B97C67B00F225CE /* AppDelegate.swift */,
				A3D165C92B97C67B00F225CE /* SceneDelegate.swift */,
			);
			path = Application;
			sourceTree = "<group>";
		};
		A3944C692B9CF2DE0086B326 /* Extensions */ = {
			isa = PBXGroup;
			children = (
				A3944C7B2B9DEE2D0086B326 /* HTTPURLResponse+Extensions.swift */,
				A3944C6A2B9CF2F70086B326 /* XCTestCase+Extensions.swift */,
			);
			path = Extensions;
			sourceTree = "<group>";
		};
		A3944C732B9D3E680086B326 /* Mocks */ = {
			isa = PBXGroup;
			children = (
				A36DE8322B9F49F4009F4A3A /* DecodableMock.swift */,
				A36DE83D2B9F4BB1009F4A3A /* APIService */,
				A36DE83B2B9F4BA6009F4A3A /* HTTPClient */,
				A36DE83C2B9F4BAC009F4A3A /* NetworkService */,
			);
			path = Mocks;
			sourceTree = "<group>";
		};
		A3D165BB2B97C67B00F225CE = {
			isa = PBXGroup;
			children = (
				A3944C682B9CF03B0086B326 /* RickAndMorty.xctestplan */,
				A3D165C62B97C67B00F225CE /* RickAndMorty */,
				A3D165DD2B97C67D00F225CE /* RickAndMortyTests */,
				A3D165C52B97C67B00F225CE /* Products */,
			);
			sourceTree = "<group>";
		};
		A3D165C52B97C67B00F225CE /* Products */ = {
			isa = PBXGroup;
			children = (
				A3D165C42B97C67B00F225CE /* RickAndMorty.app */,
				A3D165DA2B97C67D00F225CE /* RickAndMortyTests.xctest */,
			);
			name = Products;
			sourceTree = "<group>";
		};
		A3D165C62B97C67B00F225CE /* RickAndMorty */ = {
			isa = PBXGroup;
			children = (
				A3944C222B9914F70086B326 /* Application */,
				A3944C212B9914ED0086B326 /* Supporting Files */,
			);
			path = RickAndMorty;
			sourceTree = "<group>";
		};
		A3D165DD2B97C67D00F225CE /* RickAndMortyTests */ = {
			isa = PBXGroup;
			children = (
				A3944C6C2B9D39AE0086B326 /* Limbo.swift */,
				A3D165DE2B97C67D00F225CE /* RickAndMortyTests.swift */,
				A3944C692B9CF2DE0086B326 /* Extensions */,
				A36DE83A2B9F4B6B009F4A3A /* Network */,
			);
			path = RickAndMortyTests;
			sourceTree = "<group>";
		};
/* End PBXGroup section */

/* Begin PBXNativeTarget section */
		A3D165C32B97C67B00F225CE /* RickAndMorty */ = {
			isa = PBXNativeTarget;
			buildConfigurationList = A3D165EE2B97C67D00F225CE /* Build configuration list for PBXNativeTarget "RickAndMorty" */;
			buildPhases = (
				A3D165C02B97C67B00F225CE /* Sources */,
				A3D165C12B97C67B00F225CE /* Frameworks */,
				A3D165C22B97C67B00F225CE /* Resources */,
			);
			buildRules = (
			);
			dependencies = (
			);
			name = RickAndMorty;
			productName = RickAndMorty;
			productReference = A3D165C42B97C67B00F225CE /* RickAndMorty.app */;
			productType = "com.apple.product-type.application";
		};
		A3D165D92B97C67D00F225CE /* RickAndMortyTests */ = {
			isa = PBXNativeTarget;
			buildConfigurationList = A3D165F12B97C67D00F225CE /* Build configuration list for PBXNativeTarget "RickAndMortyTests" */;
			buildPhases = (
				A3D165D62B97C67D00F225CE /* Sources */,
				A3D165D72B97C67D00F225CE /* Frameworks */,
				A3D165D82B97C67D00F225CE /* Resources */,
			);
			buildRules = (
			);
			dependencies = (
				A3D165DC2B97C67D00F225CE /* PBXTargetDependency */,
			);
			name = RickAndMortyTests;
			productName = RickAndMortyTests;
			productReference = A3D165DA2B97C67D00F225CE /* RickAndMortyTests.xctest */;
			productType = "com.apple.product-type.bundle.unit-test";
		};
/* End PBXNativeTarget section */

/* Begin PBXProject section */
		A3D165BC2B97C67B00F225CE /* Project object */ = {
			isa = PBXProject;
			attributes = {
				BuildIndependentTargetsInParallel = 1;
				LastSwiftUpdateCheck = 1520;
				LastUpgradeCheck = 1520;
				TargetAttributes = {
					A3D165C32B97C67B00F225CE = {
						CreatedOnToolsVersion = 15.2;
					};
					A3D165D92B97C67D00F225CE = {
						CreatedOnToolsVersion = 15.2;
						TestTargetID = A3D165C32B97C67B00F225CE;
					};
				};
			};
			buildConfigurationList = A3D165BF2B97C67B00F225CE /* Build configuration list for PBXProject "RickAndMorty" */;
			compatibilityVersion = "Xcode 14.0";
			developmentRegion = en;
			hasScannedForEncodings = 0;
			knownRegions = (
				en,
				Base,
			);
			mainGroup = A3D165BB2B97C67B00F225CE;
			productRefGroup = A3D165C52B97C67B00F225CE /* Products */;
			projectDirPath = "";
			projectRoot = "";
			targets = (
				A3D165C32B97C67B00F225CE /* RickAndMorty */,
				A3D165D92B97C67D00F225CE /* RickAndMortyTests */,
			);
		};
/* End PBXProject section */

/* Begin PBXResourcesBuildPhase section */
		A3D165C22B97C67B00F225CE /* Resources */ = {
			isa = PBXResourcesBuildPhase;
			buildActionMask = 2147483647;
			files = (
				A3D165D42B97C67D00F225CE /* LaunchScreen.storyboard in Resources */,
				A3D165D12B97C67D00F225CE /* Assets.xcassets in Resources */,
			);
			runOnlyForDeploymentPostprocessing = 0;
		};
		A3D165D82B97C67D00F225CE /* Resources */ = {
			isa = PBXResourcesBuildPhase;
			buildActionMask = 2147483647;
			files = (
			);
			runOnlyForDeploymentPostprocessing = 0;
		};
/* End PBXResourcesBuildPhase section */

/* Begin PBXSourcesBuildPhase section */
		A3D165C02B97C67B00F225CE /* Sources */ = {
			isa = PBXSourcesBuildPhase;
			buildActionMask = 2147483647;
			files = (
				A3D165C82B97C67B00F225CE /* AppDelegate.swift in Sources */,
				A3D165CA2B97C67B00F225CE /* SceneDelegate.swift in Sources */,
			);
			runOnlyForDeploymentPostprocessing = 0;
		};
		A3D165D62B97C67D00F225CE /* Sources */ = {
			isa = PBXSourcesBuildPhase;
			buildActionMask = 2147483647;
			files = (
				A3944C8C2B9E8AAA0086B326 /* APIServiceMock.swift in Sources */,
				A3944C7E2B9DFA470086B326 /* NetworkServiceMock.swift in Sources */,
				A3944C8A2B9E89440086B326 /* URLResponseValidatorMock.swift in Sources */,
				A3944C6B2B9CF2F70086B326 /* XCTestCase+Extensions.swift in Sources */,
				A3D165DF2B97C67D00F225CE /* RickAndMortyTests.swift in Sources */,
				A36DE8352B9F4A07009F4A3A /* ResponseDecoderMock.swift in Sources */,
				A3B754B12BA0C4CC004E22CB /* URLResponseValidatorDefault.swift in Sources */,
				A36DE8412B9F625F009F4A3A /* HTTPClientDefault.swift in Sources */,
				A3B754AF2BA0C4BD004E22CB /* NetworkServiceErrorResolverDefault.swift in Sources */,
				A3944C842B9E705A0086B326 /* APIRequestMock.swift in Sources */,
				A36DE8442B9F6864009F4A3A /* NetworkServiceDefault.swift in Sources */,
				A3944C7A2B9D403D0086B326 /* HTTPClientTests.swift in Sources */,
				A36DE8482B9F6CCE009F4A3A /* APIConfigurationDefault.swift in Sources */,
				A3944C6D2B9D39AE0086B326 /* Limbo.swift in Sources */,
				A3944C772B9D3ED50086B326 /* HTTPClientMock.swift in Sources */,
				A36DE8392B9F4ABE009F4A3A /* APIServiceErrorResolverMock.swift in Sources */,
				A3944C8E2B9E8FCB0086B326 /* APIServiceTests.swift in Sources */,
				A3944C752B9D3E750086B326 /* URLProtocolMock.swift in Sources */,
				A36DE8372B9F4A16009F4A3A /* DecodableAPIRequestMock.swift in Sources */,
				A36DE8332B9F49F4009F4A3A /* DecodableMock.swift in Sources */,
				A3944C802B9E6D560086B326 /* NetworkServiceTests.swift in Sources */,
				A3944C882B9E888A0086B326 /* NetworkServiceErrorResolverMock.swift in Sources */,
				A3944C7C2B9DEE2D0086B326 /* HTTPURLResponse+Extensions.swift in Sources */,
				A36DE8462B9F6CC0009F4A3A /* APIRequestDefault.swift in Sources */,
				A3944C822B9E6E7D0086B326 /* APIConfigurationMock.swift in Sources */,
			);
			runOnlyForDeploymentPostprocessing = 0;
		};
/* End PBXSourcesBuildPhase section */

/* Begin PBXTargetDependency section */
		A3D165DC2B97C67D00F225CE /* PBXTargetDependency */ = {
			isa = PBXTargetDependency;
			target = A3D165C32B97C67B00F225CE /* RickAndMorty */;
			targetProxy = A3D165DB2B97C67D00F225CE /* PBXContainerItemProxy */;
		};
/* End PBXTargetDependency section */

/* Begin PBXVariantGroup section */
		A3D165D22B97C67D00F225CE /* LaunchScreen.storyboard */ = {
			isa = PBXVariantGroup;
			children = (
				A3D165D32B97C67D00F225CE /* Base */,
			);
			name = LaunchScreen.storyboard;
			sourceTree = "<group>";
		};
/* End PBXVariantGroup section */

/* Begin XCBuildConfiguration section */
		A3D165EC2B97C67D00F225CE /* Debug */ = {
			isa = XCBuildConfiguration;
			buildSettings = {
				ALWAYS_SEARCH_USER_PATHS = NO;
				ASSETCATALOG_COMPILER_GENERATE_SWIFT_ASSET_SYMBOL_EXTENSIONS = YES;
				CLANG_ANALYZER_NONNULL = YES;
				CLANG_ANALYZER_NUMBER_OBJECT_CONVERSION = YES_AGGRESSIVE;
				CLANG_CXX_LANGUAGE_STANDARD = "gnu++20";
				CLANG_ENABLE_MODULES = YES;
				CLANG_ENABLE_OBJC_ARC = YES;
				CLANG_ENABLE_OBJC_WEAK = YES;
				CLANG_WARN_BLOCK_CAPTURE_AUTORELEASING = YES;
				CLANG_WARN_BOOL_CONVERSION = YES;
				CLANG_WARN_COMMA = YES;
				CLANG_WARN_CONSTANT_CONVERSION = YES;
				CLANG_WARN_DEPRECATED_OBJC_IMPLEMENTATIONS = YES;
				CLANG_WARN_DIRECT_OBJC_ISA_USAGE = YES_ERROR;
				CLANG_WARN_DOCUMENTATION_COMMENTS = YES;
				CLANG_WARN_EMPTY_BODY = YES;
				CLANG_WARN_ENUM_CONVERSION = YES;
				CLANG_WARN_INFINITE_RECURSION = YES;
				CLANG_WARN_INT_CONVERSION = YES;
				CLANG_WARN_NON_LITERAL_NULL_CONVERSION = YES;
				CLANG_WARN_OBJC_IMPLICIT_RETAIN_SELF = YES;
				CLANG_WARN_OBJC_LITERAL_CONVERSION = YES;
				CLANG_WARN_OBJC_ROOT_CLASS = YES_ERROR;
				CLANG_WARN_QUOTED_INCLUDE_IN_FRAMEWORK_HEADER = YES;
				CLANG_WARN_RANGE_LOOP_ANALYSIS = YES;
				CLANG_WARN_STRICT_PROTOTYPES = YES;
				CLANG_WARN_SUSPICIOUS_MOVE = YES;
				CLANG_WARN_UNGUARDED_AVAILABILITY = YES_AGGRESSIVE;
				CLANG_WARN_UNREACHABLE_CODE = YES;
				CLANG_WARN__DUPLICATE_METHOD_MATCH = YES;
				COPY_PHASE_STRIP = NO;
				DEBUG_INFORMATION_FORMAT = dwarf;
				ENABLE_STRICT_OBJC_MSGSEND = YES;
				ENABLE_TESTABILITY = YES;
				ENABLE_USER_SCRIPT_SANDBOXING = YES;
				GCC_C_LANGUAGE_STANDARD = gnu17;
				GCC_DYNAMIC_NO_PIC = NO;
				GCC_NO_COMMON_BLOCKS = YES;
				GCC_OPTIMIZATION_LEVEL = 0;
				GCC_PREPROCESSOR_DEFINITIONS = (
					"DEBUG=1",
					"$(inherited)",
				);
				GCC_WARN_64_TO_32_BIT_CONVERSION = YES;
				GCC_WARN_ABOUT_RETURN_TYPE = YES_ERROR;
				GCC_WARN_UNDECLARED_SELECTOR = YES;
				GCC_WARN_UNINITIALIZED_AUTOS = YES_AGGRESSIVE;
				GCC_WARN_UNUSED_FUNCTION = YES;
				GCC_WARN_UNUSED_VARIABLE = YES;
				IPHONEOS_DEPLOYMENT_TARGET = 16.0;
				LOCALIZATION_PREFERS_STRING_CATALOGS = YES;
				MTL_ENABLE_DEBUG_INFO = INCLUDE_SOURCE;
				MTL_FAST_MATH = YES;
				ONLY_ACTIVE_ARCH = YES;
				SDKROOT = iphoneos;
				SWIFT_ACTIVE_COMPILATION_CONDITIONS = "DEBUG $(inherited)";
				SWIFT_OPTIMIZATION_LEVEL = "-Onone";
			};
			name = Debug;
		};
		A3D165ED2B97C67D00F225CE /* Release */ = {
			isa = XCBuildConfiguration;
			buildSettings = {
				ALWAYS_SEARCH_USER_PATHS = NO;
				ASSETCATALOG_COMPILER_GENERATE_SWIFT_ASSET_SYMBOL_EXTENSIONS = YES;
				CLANG_ANALYZER_NONNULL = YES;
				CLANG_ANALYZER_NUMBER_OBJECT_CONVERSION = YES_AGGRESSIVE;
				CLANG_CXX_LANGUAGE_STANDARD = "gnu++20";
				CLANG_ENABLE_MODULES = YES;
				CLANG_ENABLE_OBJC_ARC = YES;
				CLANG_ENABLE_OBJC_WEAK = YES;
				CLANG_WARN_BLOCK_CAPTURE_AUTORELEASING = YES;
				CLANG_WARN_BOOL_CONVERSION = YES;
				CLANG_WARN_COMMA = YES;
				CLANG_WARN_CONSTANT_CONVERSION = YES;
				CLANG_WARN_DEPRECATED_OBJC_IMPLEMENTATIONS = YES;
				CLANG_WARN_DIRECT_OBJC_ISA_USAGE = YES_ERROR;
				CLANG_WARN_DOCUMENTATION_COMMENTS = YES;
				CLANG_WARN_EMPTY_BODY = YES;
				CLANG_WARN_ENUM_CONVERSION = YES;
				CLANG_WARN_INFINITE_RECURSION = YES;
				CLANG_WARN_INT_CONVERSION = YES;
				CLANG_WARN_NON_LITERAL_NULL_CONVERSION = YES;
				CLANG_WARN_OBJC_IMPLICIT_RETAIN_SELF = YES;
				CLANG_WARN_OBJC_LITERAL_CONVERSION = YES;
				CLANG_WARN_OBJC_ROOT_CLASS = YES_ERROR;
				CLANG_WARN_QUOTED_INCLUDE_IN_FRAMEWORK_HEADER = YES;
				CLANG_WARN_RANGE_LOOP_ANALYSIS = YES;
				CLANG_WARN_STRICT_PROTOTYPES = YES;
				CLANG_WARN_SUSPICIOUS_MOVE = YES;
				CLANG_WARN_UNGUARDED_AVAILABILITY = YES_AGGRESSIVE;
				CLANG_WARN_UNREACHABLE_CODE = YES;
				CLANG_WARN__DUPLICATE_METHOD_MATCH = YES;
				COPY_PHASE_STRIP = NO;
				DEBUG_INFORMATION_FORMAT = "dwarf-with-dsym";
				ENABLE_NS_ASSERTIONS = NO;
				ENABLE_STRICT_OBJC_MSGSEND = YES;
				ENABLE_USER_SCRIPT_SANDBOXING = YES;
				GCC_C_LANGUAGE_STANDARD = gnu17;
				GCC_NO_COMMON_BLOCKS = YES;
				GCC_WARN_64_TO_32_BIT_CONVERSION = YES;
				GCC_WARN_ABOUT_RETURN_TYPE = YES_ERROR;
				GCC_WARN_UNDECLARED_SELECTOR = YES;
				GCC_WARN_UNINITIALIZED_AUTOS = YES_AGGRESSIVE;
				GCC_WARN_UNUSED_FUNCTION = YES;
				GCC_WARN_UNUSED_VARIABLE = YES;
				IPHONEOS_DEPLOYMENT_TARGET = 16.0;
				LOCALIZATION_PREFERS_STRING_CATALOGS = YES;
				MTL_ENABLE_DEBUG_INFO = NO;
				MTL_FAST_MATH = YES;
				SDKROOT = iphoneos;
				SWIFT_COMPILATION_MODE = wholemodule;
				VALIDATE_PRODUCT = YES;
			};
			name = Release;
		};
		A3D165EF2B97C67D00F225CE /* Debug */ = {
			isa = XCBuildConfiguration;
			buildSettings = {
				ASSETCATALOG_COMPILER_APPICON_NAME = AppIcon;
				ASSETCATALOG_COMPILER_GLOBAL_ACCENT_COLOR_NAME = AccentColor;
				CODE_SIGN_STYLE = Automatic;
				CURRENT_PROJECT_VERSION = 1;
				DEVELOPMENT_TEAM = NF5X2BH93G;
				GENERATE_INFOPLIST_FILE = YES;
				INFOPLIST_FILE = "RickAndMorty/Supporting Files/Info.plist";
				INFOPLIST_KEY_UIApplicationSupportsIndirectInputEvents = YES;
				INFOPLIST_KEY_UILaunchStoryboardName = LaunchScreen;
				INFOPLIST_KEY_UISupportedInterfaceOrientations_iPad = "UIInterfaceOrientationPortrait UIInterfaceOrientationPortraitUpsideDown UIInterfaceOrientationLandscapeLeft UIInterfaceOrientationLandscapeRight";
				INFOPLIST_KEY_UISupportedInterfaceOrientations_iPhone = "UIInterfaceOrientationPortrait UIInterfaceOrientationLandscapeLeft UIInterfaceOrientationLandscapeRight";
				IPHONEOS_DEPLOYMENT_TARGET = 16.0;
				LD_RUNPATH_SEARCH_PATHS = (
					"$(inherited)",
					"@executable_path/Frameworks",
				);
				MARKETING_VERSION = 1.0;
				PRODUCT_BUNDLE_IDENTIFIER = ru.yanmoroz.RickAndMorty;
				PRODUCT_NAME = "$(TARGET_NAME)";
				SWIFT_EMIT_LOC_STRINGS = YES;
				SWIFT_VERSION = 5.0;
				TARGETED_DEVICE_FAMILY = "1,2";
			};
			name = Debug;
		};
		A3D165F02B97C67D00F225CE /* Release */ = {
			isa = XCBuildConfiguration;
			buildSettings = {
				ASSETCATALOG_COMPILER_APPICON_NAME = AppIcon;
				ASSETCATALOG_COMPILER_GLOBAL_ACCENT_COLOR_NAME = AccentColor;
				CODE_SIGN_STYLE = Automatic;
				CURRENT_PROJECT_VERSION = 1;
				DEVELOPMENT_TEAM = NF5X2BH93G;
				GENERATE_INFOPLIST_FILE = YES;
				INFOPLIST_FILE = "RickAndMorty/Supporting Files/Info.plist";
				INFOPLIST_KEY_UIApplicationSupportsIndirectInputEvents = YES;
				INFOPLIST_KEY_UILaunchStoryboardName = LaunchScreen;
				INFOPLIST_KEY_UISupportedInterfaceOrientations_iPad = "UIInterfaceOrientationPortrait UIInterfaceOrientationPortraitUpsideDown UIInterfaceOrientationLandscapeLeft UIInterfaceOrientationLandscapeRight";
				INFOPLIST_KEY_UISupportedInterfaceOrientations_iPhone = "UIInterfaceOrientationPortrait UIInterfaceOrientationLandscapeLeft UIInterfaceOrientationLandscapeRight";
				IPHONEOS_DEPLOYMENT_TARGET = 16.0;
				LD_RUNPATH_SEARCH_PATHS = (
					"$(inherited)",
					"@executable_path/Frameworks",
				);
				MARKETING_VERSION = 1.0;
				PRODUCT_BUNDLE_IDENTIFIER = ru.yanmoroz.RickAndMorty;
				PRODUCT_NAME = "$(TARGET_NAME)";
				SWIFT_EMIT_LOC_STRINGS = YES;
				SWIFT_VERSION = 5.0;
				TARGETED_DEVICE_FAMILY = "1,2";
			};
			name = Release;
		};
		A3D165F22B97C67D00F225CE /* Debug */ = {
			isa = XCBuildConfiguration;
			buildSettings = {
				ALWAYS_EMBED_SWIFT_STANDARD_LIBRARIES = YES;
				BUNDLE_LOADER = "$(TEST_HOST)";
				CODE_SIGN_STYLE = Automatic;
				CURRENT_PROJECT_VERSION = 1;
				DEVELOPMENT_TEAM = NF5X2BH93G;
				GENERATE_INFOPLIST_FILE = YES;
				IPHONEOS_DEPLOYMENT_TARGET = 16.0;
				MARKETING_VERSION = 1.0;
				PRODUCT_BUNDLE_IDENTIFIER = ru.yanmoroz.RickAndMortyTests;
				PRODUCT_NAME = "$(TARGET_NAME)";
				SWIFT_EMIT_LOC_STRINGS = NO;
				SWIFT_VERSION = 5.0;
				TARGETED_DEVICE_FAMILY = "1,2";
				TEST_HOST = "$(BUILT_PRODUCTS_DIR)/RickAndMorty.app/$(BUNDLE_EXECUTABLE_FOLDER_PATH)/RickAndMorty";
			};
			name = Debug;
		};
		A3D165F32B97C67D00F225CE /* Release */ = {
			isa = XCBuildConfiguration;
			buildSettings = {
				ALWAYS_EMBED_SWIFT_STANDARD_LIBRARIES = YES;
				BUNDLE_LOADER = "$(TEST_HOST)";
				CODE_SIGN_STYLE = Automatic;
				CURRENT_PROJECT_VERSION = 1;
				DEVELOPMENT_TEAM = NF5X2BH93G;
				GENERATE_INFOPLIST_FILE = YES;
				IPHONEOS_DEPLOYMENT_TARGET = 16.0;
				MARKETING_VERSION = 1.0;
				PRODUCT_BUNDLE_IDENTIFIER = ru.yanmoroz.RickAndMortyTests;
				PRODUCT_NAME = "$(TARGET_NAME)";
				SWIFT_EMIT_LOC_STRINGS = NO;
				SWIFT_VERSION = 5.0;
				TARGETED_DEVICE_FAMILY = "1,2";
				TEST_HOST = "$(BUILT_PRODUCTS_DIR)/RickAndMorty.app/$(BUNDLE_EXECUTABLE_FOLDER_PATH)/RickAndMorty";
			};
			name = Release;
		};
/* End XCBuildConfiguration section */

/* Begin XCConfigurationList section */
		A3D165BF2B97C67B00F225CE /* Build configuration list for PBXProject "RickAndMorty" */ = {
			isa = XCConfigurationList;
			buildConfigurations = (
				A3D165EC2B97C67D00F225CE /* Debug */,
				A3D165ED2B97C67D00F225CE /* Release */,
			);
			defaultConfigurationIsVisible = 0;
			defaultConfigurationName = Release;
		};
		A3D165EE2B97C67D00F225CE /* Build configuration list for PBXNativeTarget "RickAndMorty" */ = {
			isa = XCConfigurationList;
			buildConfigurations = (
				A3D165EF2B97C67D00F225CE /* Debug */,
				A3D165F02B97C67D00F225CE /* Release */,
			);
			defaultConfigurationIsVisible = 0;
			defaultConfigurationName = Release;
		};
		A3D165F12B97C67D00F225CE /* Build configuration list for PBXNativeTarget "RickAndMortyTests" */ = {
			isa = XCConfigurationList;
			buildConfigurations = (
				A3D165F22B97C67D00F225CE /* Debug */,
				A3D165F32B97C67D00F225CE /* Release */,
			);
			defaultConfigurationIsVisible = 0;
			defaultConfigurationName = Release;
		};
/* End XCConfigurationList section */
	};
	rootObject = A3D165BC2B97C67B00F225CE /* Project object */;
}
