// !$*UTF8*$!
{
	archiveVersion = 1;
	classes = {
	};
	objectVersion = 56;
	objects = {

/* Begin PBXBuildFile section */
		A34B3E162BA226D600963158 /* HTTPClientMockTests.swift in Sources */ = {isa = PBXBuildFile; fileRef = A34B3E142BA226D600963158 /* HTTPClientMockTests.swift */; };
		A34B3E172BA226D600963158 /* HTTPClientAsyncMockTests.swift in Sources */ = {isa = PBXBuildFile; fileRef = A34B3E152BA226D600963158 /* HTTPClientAsyncMockTests.swift */; };
		A34B3E1A2BA236DB00963158 /* APIServiceMockTests.swift in Sources */ = {isa = PBXBuildFile; fileRef = A34B3E192BA236DB00963158 /* APIServiceMockTests.swift */; };
		A3944C6B2B9CF2F70086B326 /* XCTestCase+Extensions.swift in Sources */ = {isa = PBXBuildFile; fileRef = A3944C6A2B9CF2F70086B326 /* XCTestCase+Extensions.swift */; };
		A3B754C32BA1E2E8004E22CB /* Sandbox.swift in Sources */ = {isa = PBXBuildFile; fileRef = A3B754C22BA1E2E8004E22CB /* Sandbox.swift */; };
		A3B754C62BA224E5004E22CB /* URLProtocolAsyncMock.swift in Sources */ = {isa = PBXBuildFile; fileRef = A3B754C52BA224E5004E22CB /* URLProtocolAsyncMock.swift */; };
		A3B754C82BA224F6004E22CB /* URLProtocolMock.swift in Sources */ = {isa = PBXBuildFile; fileRef = A3B754C72BA224F6004E22CB /* URLProtocolMock.swift */; };
		A3B754CB2BA22531004E22CB /* HTTPClientMock.swift in Sources */ = {isa = PBXBuildFile; fileRef = A3B754CA2BA22531004E22CB /* HTTPClientMock.swift */; };
		A3B754CD2BA2253F004E22CB /* HTTPClientAsyncMock.swift in Sources */ = {isa = PBXBuildFile; fileRef = A3B754CC2BA2253F004E22CB /* HTTPClientAsyncMock.swift */; };
		A3D165C82B97C67B00F225CE /* AppDelegate.swift in Sources */ = {isa = PBXBuildFile; fileRef = A3D165C72B97C67B00F225CE /* AppDelegate.swift */; };
		A3D165CA2B97C67B00F225CE /* SceneDelegate.swift in Sources */ = {isa = PBXBuildFile; fileRef = A3D165C92B97C67B00F225CE /* SceneDelegate.swift */; };
		A3D165D12B97C67D00F225CE /* Assets.xcassets in Resources */ = {isa = PBXBuildFile; fileRef = A3D165D02B97C67D00F225CE /* Assets.xcassets */; };
		A3D165D42B97C67D00F225CE /* LaunchScreen.storyboard in Resources */ = {isa = PBXBuildFile; fileRef = A3D165D22B97C67D00F225CE /* LaunchScreen.storyboard */; };
		A3D165DF2B97C67D00F225CE /* JunkTests.swift in Sources */ = {isa = PBXBuildFile; fileRef = A3D165DE2B97C67D00F225CE /* JunkTests.swift */; };
/* End PBXBuildFile section */

/* Begin PBXContainerItemProxy section */
		A3D165DB2B97C67D00F225CE /* PBXContainerItemProxy */ = {
			isa = PBXContainerItemProxy;
			containerPortal = A3D165BC2B97C67B00F225CE /* Project object */;
			proxyType = 1;
			remoteGlobalIDString = A3D165C32B97C67B00F225CE;
			remoteInfo = RickAndMorty;
		};
/* End PBXContainerItemProxy section */

/* Begin PBXFileReference section */
		A34B3E142BA226D600963158 /* HTTPClientMockTests.swift */ = {isa = PBXFileReference; fileEncoding = 4; lastKnownFileType = sourcecode.swift; path = HTTPClientMockTests.swift; sourceTree = "<group>"; };
		A34B3E152BA226D600963158 /* HTTPClientAsyncMockTests.swift */ = {isa = PBXFileReference; fileEncoding = 4; lastKnownFileType = sourcecode.swift; path = HTTPClientAsyncMockTests.swift; sourceTree = "<group>"; };
		A34B3E192BA236DB00963158 /* APIServiceMockTests.swift */ = {isa = PBXFileReference; lastKnownFileType = sourcecode.swift; path = APIServiceMockTests.swift; sourceTree = "<group>"; };
		A3944C682B9CF03B0086B326 /* RickAndMorty.xctestplan */ = {isa = PBXFileReference; lastKnownFileType = text; path = RickAndMorty.xctestplan; sourceTree = "<group>"; };
		A3944C6A2B9CF2F70086B326 /* XCTestCase+Extensions.swift */ = {isa = PBXFileReference; lastKnownFileType = sourcecode.swift; path = "XCTestCase+Extensions.swift"; sourceTree = "<group>"; };
		A3B754C22BA1E2E8004E22CB /* Sandbox.swift */ = {isa = PBXFileReference; lastKnownFileType = sourcecode.swift; path = Sandbox.swift; sourceTree = "<group>"; };
		A3B754C52BA224E5004E22CB /* URLProtocolAsyncMock.swift */ = {isa = PBXFileReference; lastKnownFileType = sourcecode.swift; path = URLProtocolAsyncMock.swift; sourceTree = "<group>"; };
		A3B754C72BA224F6004E22CB /* URLProtocolMock.swift */ = {isa = PBXFileReference; lastKnownFileType = sourcecode.swift; path = URLProtocolMock.swift; sourceTree = "<group>"; };
		A3B754CA2BA22531004E22CB /* HTTPClientMock.swift */ = {isa = PBXFileReference; lastKnownFileType = sourcecode.swift; path = HTTPClientMock.swift; sourceTree = "<group>"; };
		A3B754CC2BA2253F004E22CB /* HTTPClientAsyncMock.swift */ = {isa = PBXFileReference; lastKnownFileType = sourcecode.swift; path = HTTPClientAsyncMock.swift; sourceTree = "<group>"; };
		A3D165C42B97C67B00F225CE /* RickAndMorty.app */ = {isa = PBXFileReference; explicitFileType = wrapper.application; includeInIndex = 0; path = RickAndMorty.app; sourceTree = BUILT_PRODUCTS_DIR; };
		A3D165C72B97C67B00F225CE /* AppDelegate.swift */ = {isa = PBXFileReference; lastKnownFileType = sourcecode.swift; path = AppDelegate.swift; sourceTree = "<group>"; };
		A3D165C92B97C67B00F225CE /* SceneDelegate.swift */ = {isa = PBXFileReference; lastKnownFileType = sourcecode.swift; path = SceneDelegate.swift; sourceTree = "<group>"; };
		A3D165D02B97C67D00F225CE /* Assets.xcassets */ = {isa = PBXFileReference; lastKnownFileType = folder.assetcatalog; path = Assets.xcassets; sourceTree = "<group>"; };
		A3D165D32B97C67D00F225CE /* Base */ = {isa = PBXFileReference; lastKnownFileType = file.storyboard; name = Base; path = Base.lproj/LaunchScreen.storyboard; sourceTree = "<group>"; };
		A3D165D52B97C67D00F225CE /* Info.plist */ = {isa = PBXFileReference; lastKnownFileType = text.plist.xml; path = Info.plist; sourceTree = "<group>"; };
		A3D165DA2B97C67D00F225CE /* RickAndMortyTests.xctest */ = {isa = PBXFileReference; explicitFileType = wrapper.cfbundle; includeInIndex = 0; path = RickAndMortyTests.xctest; sourceTree = BUILT_PRODUCTS_DIR; };
		A3D165DE2B97C67D00F225CE /* JunkTests.swift */ = {isa = PBXFileReference; lastKnownFileType = sourcecode.swift; path = JunkTests.swift; sourceTree = "<group>"; };
/* End PBXFileReference section */

/* Begin PBXFrameworksBuildPhase section */
		A3D165C12B97C67B00F225CE /* Frameworks */ = {
			isa = PBXFrameworksBuildPhase;
			buildActionMask = 2147483647;
			files = (
			);
			runOnlyForDeploymentPostprocessing = 0;
		};
		A3D165D72B97C67D00F225CE /* Frameworks */ = {
			isa = PBXFrameworksBuildPhase;
			buildActionMask = 2147483647;
			files = (
			);
			runOnlyForDeploymentPostprocessing = 0;
		};
/* End PBXFrameworksBuildPhase section */

/* Begin PBXGroup section */
		A3944C212B9914ED0086B326 /* Supporting Files */ = {
			isa = PBXGroup;
			children = (
				A3D165D02B97C67D00F225CE /* Assets.xcassets */,
				A3D165D22B97C67D00F225CE /* LaunchScreen.storyboard */,
				A3D165D52B97C67D00F225CE /* Info.plist */,
			);
			path = "Supporting Files";
			sourceTree = "<group>";
		};
		A3944C222B9914F70086B326 /* Application */ = {
			isa = PBXGroup;
			children = (
				A3D165C72B97C67B00F225CE /* AppDelegate.swift */,
				A3D165C92B97C67B00F225CE /* SceneDelegate.swift */,
			);
			path = Application;
			sourceTree = "<group>";
		};
		A3944C692B9CF2DE0086B326 /* Extensions */ = {
			isa = PBXGroup;
			children = (
				A3944C6A2B9CF2F70086B326 /* XCTestCase+Extensions.swift */,
			);
			path = Extensions;
			sourceTree = "<group>";
		};
		A3B754C42BA224D5004E22CB /* URLProtocols */ = {
			isa = PBXGroup;
			children = (
				A3B754C52BA224E5004E22CB /* URLProtocolAsyncMock.swift */,
				A3B754C72BA224F6004E22CB /* URLProtocolMock.swift */,
			);
			path = URLProtocols;
			sourceTree = "<group>";
		};
		A3B754C92BA22524004E22CB /* HTTPClient */ = {
			isa = PBXGroup;
			children = (
				A3B754CC2BA2253F004E22CB /* HTTPClientAsyncMock.swift */,
				A3B754CA2BA22531004E22CB /* HTTPClientMock.swift */,
			);
			path = HTTPClient;
			sourceTree = "<group>";
		};
		A3B754D22BA225F3004E22CB /* Tests */ = {
			isa = PBXGroup;
			children = (
				A34B3E192BA236DB00963158 /* APIServiceMockTests.swift */,
				A34B3E152BA226D600963158 /* HTTPClientAsyncMockTests.swift */,
				A34B3E142BA226D600963158 /* HTTPClientMockTests.swift */,
				A3D165DE2B97C67D00F225CE /* JunkTests.swift */,
			);
			path = Tests;
			sourceTree = "<group>";
		};
		A3D165BB2B97C67B00F225CE = {
			isa = PBXGroup;
			children = (
				A3944C682B9CF03B0086B326 /* RickAndMorty.xctestplan */,
				A3D165C62B97C67B00F225CE /* RickAndMorty */,
				A3D165DD2B97C67D00F225CE /* RickAndMortyTests */,
				A3D165C52B97C67B00F225CE /* Products */,
			);
			sourceTree = "<group>";
		};
		A3D165C52B97C67B00F225CE /* Products */ = {
			isa = PBXGroup;
			children = (
				A3D165C42B97C67B00F225CE /* RickAndMorty.app */,
				A3D165DA2B97C67D00F225CE /* RickAndMortyTests.xctest */,
			);
			name = Products;
			sourceTree = "<group>";
		};
		A3D165C62B97C67B00F225CE /* RickAndMorty */ = {
			isa = PBXGroup;
			children = (
				A3944C222B9914F70086B326 /* Application */,
				A3944C212B9914ED0086B326 /* Supporting Files */,
			);
			path = RickAndMorty;
			sourceTree = "<group>";
		};
		A3D165DD2B97C67D00F225CE /* RickAndMortyTests */ = {
			isa = PBXGroup;
			children = (
				A3B754C22BA1E2E8004E22CB /* Sandbox.swift */,
				A3944C692B9CF2DE0086B326 /* Extensions */,
				A3B754C92BA22524004E22CB /* HTTPClient */,
				A3B754D22BA225F3004E22CB /* Tests */,
				A3B754C42BA224D5004E22CB /* URLProtocols */,
			);
			path = RickAndMortyTests;
			sourceTree = "<group>";
		};
/* End PBXGroup section */

/* Begin PBXNativeTarget section */
		A3D165C32B97C67B00F225CE /* RickAndMorty */ = {
			isa = PBXNativeTarget;
			buildConfigurationList = A3D165EE2B97C67D00F225CE /* Build configuration list for PBXNativeTarget "RickAndMorty" */;
			buildPhases = (
				A3D165C02B97C67B00F225CE /* Sources */,
				A3D165C12B97C67B00F225CE /* Frameworks */,
				A3D165C22B97C67B00F225CE /* Resources */,
			);
			buildRules = (
			);
			dependencies = (
			);
			name = RickAndMorty;
			productName = RickAndMorty;
			productReference = A3D165C42B97C67B00F225CE /* RickAndMorty.app */;
			productType = "com.apple.product-type.application";
		};
		A3D165D92B97C67D00F225CE /* RickAndMortyTests */ = {
			isa = PBXNativeTarget;
			buildConfigurationList = A3D165F12B97C67D00F225CE /* Build configuration list for PBXNativeTarget "RickAndMortyTests" */;
			buildPhases = (
				A3D165D62B97C67D00F225CE /* Sources */,
				A3D165D72B97C67D00F225CE /* Frameworks */,
				A3D165D82B97C67D00F225CE /* Resources */,
			);
			buildRules = (
			);
			dependencies = (
				A3D165DC2B97C67D00F225CE /* PBXTargetDependency */,
			);
			name = RickAndMortyTests;
			productName = RickAndMortyTests;
			productReference = A3D165DA2B97C67D00F225CE /* RickAndMortyTests.xctest */;
			productType = "com.apple.product-type.bundle.unit-test";
		};
/* End PBXNativeTarget section */

/* Begin PBXProject section */
		A3D165BC2B97C67B00F225CE /* Project object */ = {
			isa = PBXProject;
			attributes = {
				BuildIndependentTargetsInParallel = 1;
				LastSwiftUpdateCheck = 1520;
				LastUpgradeCheck = 1520;
				TargetAttributes = {
					A3D165C32B97C67B00F225CE = {
						CreatedOnToolsVersion = 15.2;
					};
					A3D165D92B97C67D00F225CE = {
						CreatedOnToolsVersion = 15.2;
						TestTargetID = A3D165C32B97C67B00F225CE;
					};
				};
			};
			buildConfigurationList = A3D165BF2B97C67B00F225CE /* Build configuration list for PBXProject "RickAndMorty" */;
			compatibilityVersion = "Xcode 14.0";
			developmentRegion = en;
			hasScannedForEncodings = 0;
			knownRegions = (
				en,
				Base,
			);
			mainGroup = A3D165BB2B97C67B00F225CE;
			productRefGroup = A3D165C52B97C67B00F225CE /* Products */;
			projectDirPath = "";
			projectRoot = "";
			targets = (
				A3D165C32B97C67B00F225CE /* RickAndMorty */,
				A3D165D92B97C67D00F225CE /* RickAndMortyTests */,
			);
		};
/* End PBXProject section */

/* Begin PBXResourcesBuildPhase section */
		A3D165C22B97C67B00F225CE /* Resources */ = {
			isa = PBXResourcesBuildPhase;
			buildActionMask = 2147483647;
			files = (
				A3D165D42B97C67D00F225CE /* LaunchScreen.storyboard in Resources */,
				A3D165D12B97C67D00F225CE /* Assets.xcassets in Resources */,
			);
			runOnlyForDeploymentPostprocessing = 0;
		};
		A3D165D82B97C67D00F225CE /* Resources */ = {
			isa = PBXResourcesBuildPhase;
			buildActionMask = 2147483647;
			files = (
			);
			runOnlyForDeploymentPostprocessing = 0;
		};
/* End PBXResourcesBuildPhase section */

/* Begin PBXSourcesBuildPhase section */
		A3D165C02B97C67B00F225CE /* Sources */ = {
			isa = PBXSourcesBuildPhase;
			buildActionMask = 2147483647;
			files = (
				A3D165C82B97C67B00F225CE /* AppDelegate.swift in Sources */,
				A3D165CA2B97C67B00F225CE /* SceneDelegate.swift in Sources */,
			);
			runOnlyForDeploymentPostprocessing = 0;
		};
		A3D165D62B97C67D00F225CE /* Sources */ = {
			isa = PBXSourcesBuildPhase;
			buildActionMask = 2147483647;
			files = (
				A34B3E162BA226D600963158 /* HTTPClientMockTests.swift in Sources */,
				A3B754C82BA224F6004E22CB /* URLProtocolMock.swift in Sources */,
				A3944C6B2B9CF2F70086B326 /* XCTestCase+Extensions.swift in Sources */,
				A34B3E172BA226D600963158 /* HTTPClientAsyncMockTests.swift in Sources */,
				A3B754CB2BA22531004E22CB /* HTTPClientMock.swift in Sources */,
				A3B754CD2BA2253F004E22CB /* HTTPClientAsyncMock.swift in Sources */,
				A3B754C32BA1E2E8004E22CB /* Sandbox.swift in Sources */,
				A3B754C62BA224E5004E22CB /* URLProtocolAsyncMock.swift in Sources */,
				A34B3E1A2BA236DB00963158 /* APIServiceMockTests.swift in Sources */,
				A3D165DF2B97C67D00F225CE /* JunkTests.swift in Sources */,
			);
			runOnlyForDeploymentPostprocessing = 0;
		};
/* End PBXSourcesBuildPhase section */

/* Begin PBXTargetDependency section */
		A3D165DC2B97C67D00F225CE /* PBXTargetDependency */ = {
			isa = PBXTargetDependency;
			target = A3D165C32B97C67B00F225CE /* RickAndMorty */;
			targetProxy = A3D165DB2B97C67D00F225CE /* PBXContainerItemProxy */;
		};
/* End PBXTargetDependency section */

/* Begin PBXVariantGroup section */
		A3D165D22B97C67D00F225CE /* LaunchScreen.storyboard */ = {
			isa = PBXVariantGroup;
			children = (
				A3D165D32B97C67D00F225CE /* Base */,
			);
			name = LaunchScreen.storyboard;
			sourceTree = "<group>";
		};
/* End PBXVariantGroup section */

/* Begin XCBuildConfiguration section */
		A3D165EC2B97C67D00F225CE /* Debug */ = {
			isa = XCBuildConfiguration;
			buildSettings = {
				ALWAYS_SEARCH_USER_PATHS = NO;
				ASSETCATALOG_COMPILER_GENERATE_SWIFT_ASSET_SYMBOL_EXTENSIONS = YES;
				CLANG_ANALYZER_NONNULL = YES;
				CLANG_ANALYZER_NUMBER_OBJECT_CONVERSION = YES_AGGRESSIVE;
				CLANG_CXX_LANGUAGE_STANDARD = "gnu++20";
				CLANG_ENABLE_MODULES = YES;
				CLANG_ENABLE_OBJC_ARC = YES;
				CLANG_ENABLE_OBJC_WEAK = YES;
				CLANG_WARN_BLOCK_CAPTURE_AUTORELEASING = YES;
				CLANG_WARN_BOOL_CONVERSION = YES;
				CLANG_WARN_COMMA = YES;
				CLANG_WARN_CONSTANT_CONVERSION = YES;
				CLANG_WARN_DEPRECATED_OBJC_IMPLEMENTATIONS = YES;
				CLANG_WARN_DIRECT_OBJC_ISA_USAGE = YES_ERROR;
				CLANG_WARN_DOCUMENTATION_COMMENTS = YES;
				CLANG_WARN_EMPTY_BODY = YES;
				CLANG_WARN_ENUM_CONVERSION = YES;
				CLANG_WARN_INFINITE_RECURSION = YES;
				CLANG_WARN_INT_CONVERSION = YES;
				CLANG_WARN_NON_LITERAL_NULL_CONVERSION = YES;
				CLANG_WARN_OBJC_IMPLICIT_RETAIN_SELF = YES;
				CLANG_WARN_OBJC_LITERAL_CONVERSION = YES;
				CLANG_WARN_OBJC_ROOT_CLASS = YES_ERROR;
				CLANG_WARN_QUOTED_INCLUDE_IN_FRAMEWORK_HEADER = YES;
				CLANG_WARN_RANGE_LOOP_ANALYSIS = YES;
				CLANG_WARN_STRICT_PROTOTYPES = YES;
				CLANG_WARN_SUSPICIOUS_MOVE = YES;
				CLANG_WARN_UNGUARDED_AVAILABILITY = YES_AGGRESSIVE;
				CLANG_WARN_UNREACHABLE_CODE = YES;
				CLANG_WARN__DUPLICATE_METHOD_MATCH = YES;
				COPY_PHASE_STRIP = NO;
				DEBUG_INFORMATION_FORMAT = dwarf;
				ENABLE_STRICT_OBJC_MSGSEND = YES;
				ENABLE_TESTABILITY = YES;
				ENABLE_USER_SCRIPT_SANDBOXING = YES;
				GCC_C_LANGUAGE_STANDARD = gnu17;
				GCC_DYNAMIC_NO_PIC = NO;
				GCC_NO_COMMON_BLOCKS = YES;
				GCC_OPTIMIZATION_LEVEL = 0;
				GCC_PREPROCESSOR_DEFINITIONS = (
					"DEBUG=1",
					"$(inherited)",
				);
				GCC_WARN_64_TO_32_BIT_CONVERSION = YES;
				GCC_WARN_ABOUT_RETURN_TYPE = YES_ERROR;
				GCC_WARN_UNDECLARED_SELECTOR = YES;
				GCC_WARN_UNINITIALIZED_AUTOS = YES_AGGRESSIVE;
				GCC_WARN_UNUSED_FUNCTION = YES;
				GCC_WARN_UNUSED_VARIABLE = YES;
				IPHONEOS_DEPLOYMENT_TARGET = 16.6;
				LOCALIZATION_PREFERS_STRING_CATALOGS = YES;
				MTL_ENABLE_DEBUG_INFO = INCLUDE_SOURCE;
				MTL_FAST_MATH = YES;
				ONLY_ACTIVE_ARCH = YES;
				SDKROOT = iphoneos;
				SWIFT_ACTIVE_COMPILATION_CONDITIONS = "DEBUG $(inherited)";
				SWIFT_OPTIMIZATION_LEVEL = "-Onone";
			};
			name = Debug;
		};
		A3D165ED2B97C67D00F225CE /* Release */ = {
			isa = XCBuildConfiguration;
			buildSettings = {
				ALWAYS_SEARCH_USER_PATHS = NO;
				ASSETCATALOG_COMPILER_GENERATE_SWIFT_ASSET_SYMBOL_EXTENSIONS = YES;
				CLANG_ANALYZER_NONNULL = YES;
				CLANG_ANALYZER_NUMBER_OBJECT_CONVERSION = YES_AGGRESSIVE;
				CLANG_CXX_LANGUAGE_STANDARD = "gnu++20";
				CLANG_ENABLE_MODULES = YES;
				CLANG_ENABLE_OBJC_ARC = YES;
				CLANG_ENABLE_OBJC_WEAK = YES;
				CLANG_WARN_BLOCK_CAPTURE_AUTORELEASING = YES;
				CLANG_WARN_BOOL_CONVERSION = YES;
				CLANG_WARN_COMMA = YES;
				CLANG_WARN_CONSTANT_CONVERSION = YES;
				CLANG_WARN_DEPRECATED_OBJC_IMPLEMENTATIONS = YES;
				CLANG_WARN_DIRECT_OBJC_ISA_USAGE = YES_ERROR;
				CLANG_WARN_DOCUMENTATION_COMMENTS = YES;
				CLANG_WARN_EMPTY_BODY = YES;
				CLANG_WARN_ENUM_CONVERSION = YES;
				CLANG_WARN_INFINITE_RECURSION = YES;
				CLANG_WARN_INT_CONVERSION = YES;
				CLANG_WARN_NON_LITERAL_NULL_CONVERSION = YES;
				CLANG_WARN_OBJC_IMPLICIT_RETAIN_SELF = YES;
				CLANG_WARN_OBJC_LITERAL_CONVERSION = YES;
				CLANG_WARN_OBJC_ROOT_CLASS = YES_ERROR;
				CLANG_WARN_QUOTED_INCLUDE_IN_FRAMEWORK_HEADER = YES;
				CLANG_WARN_RANGE_LOOP_ANALYSIS = YES;
				CLANG_WARN_STRICT_PROTOTYPES = YES;
				CLANG_WARN_SUSPICIOUS_MOVE = YES;
				CLANG_WARN_UNGUARDED_AVAILABILITY = YES_AGGRESSIVE;
				CLANG_WARN_UNREACHABLE_CODE = YES;
				CLANG_WARN__DUPLICATE_METHOD_MATCH = YES;
				COPY_PHASE_STRIP = NO;
				DEBUG_INFORMATION_FORMAT = "dwarf-with-dsym";
				ENABLE_NS_ASSERTIONS = NO;
				ENABLE_STRICT_OBJC_MSGSEND = YES;
				ENABLE_USER_SCRIPT_SANDBOXING = YES;
				GCC_C_LANGUAGE_STANDARD = gnu17;
				GCC_NO_COMMON_BLOCKS = YES;
				GCC_WARN_64_TO_32_BIT_CONVERSION = YES;
				GCC_WARN_ABOUT_RETURN_TYPE = YES_ERROR;
				GCC_WARN_UNDECLARED_SELECTOR = YES;
				GCC_WARN_UNINITIALIZED_AUTOS = YES_AGGRESSIVE;
				GCC_WARN_UNUSED_FUNCTION = YES;
				GCC_WARN_UNUSED_VARIABLE = YES;
				IPHONEOS_DEPLOYMENT_TARGET = 16.6;
				LOCALIZATION_PREFERS_STRING_CATALOGS = YES;
				MTL_ENABLE_DEBUG_INFO = NO;
				MTL_FAST_MATH = YES;
				SDKROOT = iphoneos;
				SWIFT_COMPILATION_MODE = wholemodule;
				VALIDATE_PRODUCT = YES;
			};
			name = Release;
		};
		A3D165EF2B97C67D00F225CE /* Debug */ = {
			isa = XCBuildConfiguration;
			buildSettings = {
				ASSETCATALOG_COMPILER_APPICON_NAME = AppIcon;
				ASSETCATALOG_COMPILER_GLOBAL_ACCENT_COLOR_NAME = AccentColor;
				CODE_SIGN_STYLE = Automatic;
				CURRENT_PROJECT_VERSION = 1;
				DEVELOPMENT_TEAM = NF5X2BH93G;
				GENERATE_INFOPLIST_FILE = YES;
				INFOPLIST_FILE = "RickAndMorty/Supporting Files/Info.plist";
				INFOPLIST_KEY_UIApplicationSupportsIndirectInputEvents = YES;
				INFOPLIST_KEY_UILaunchStoryboardName = LaunchScreen;
				INFOPLIST_KEY_UISupportedInterfaceOrientations_iPad = "UIInterfaceOrientationPortrait UIInterfaceOrientationPortraitUpsideDown UIInterfaceOrientationLandscapeLeft UIInterfaceOrientationLandscapeRight";
				INFOPLIST_KEY_UISupportedInterfaceOrientations_iPhone = "UIInterfaceOrientationPortrait UIInterfaceOrientationLandscapeLeft UIInterfaceOrientationLandscapeRight";
				IPHONEOS_DEPLOYMENT_TARGET = 16.6;
				LD_RUNPATH_SEARCH_PATHS = (
					"$(inherited)",
					"@executable_path/Frameworks",
				);
				MARKETING_VERSION = 1.0;
				PRODUCT_BUNDLE_IDENTIFIER = ru.yanmoroz.RickAndMorty;
				PRODUCT_NAME = "$(TARGET_NAME)";
				SWIFT_EMIT_LOC_STRINGS = YES;
				SWIFT_VERSION = 5.0;
				TARGETED_DEVICE_FAMILY = "1,2";
			};
			name = Debug;
		};
		A3D165F02B97C67D00F225CE /* Release */ = {
			isa = XCBuildConfiguration;
			buildSettings = {
				ASSETCATALOG_COMPILER_APPICON_NAME = AppIcon;
				ASSETCATALOG_COMPILER_GLOBAL_ACCENT_COLOR_NAME = AccentColor;
				CODE_SIGN_STYLE = Automatic;
				CURRENT_PROJECT_VERSION = 1;
				DEVELOPMENT_TEAM = NF5X2BH93G;
				GENERATE_INFOPLIST_FILE = YES;
				INFOPLIST_FILE = "RickAndMorty/Supporting Files/Info.plist";
				INFOPLIST_KEY_UIApplicationSupportsIndirectInputEvents = YES;
				INFOPLIST_KEY_UILaunchStoryboardName = LaunchScreen;
				INFOPLIST_KEY_UISupportedInterfaceOrientations_iPad = "UIInterfaceOrientationPortrait UIInterfaceOrientationPortraitUpsideDown UIInterfaceOrientationLandscapeLeft UIInterfaceOrientationLandscapeRight";
				INFOPLIST_KEY_UISupportedInterfaceOrientations_iPhone = "UIInterfaceOrientationPortrait UIInterfaceOrientationLandscapeLeft UIInterfaceOrientationLandscapeRight";
				IPHONEOS_DEPLOYMENT_TARGET = 16.6;
				LD_RUNPATH_SEARCH_PATHS = (
					"$(inherited)",
					"@executable_path/Frameworks",
				);
				MARKETING_VERSION = 1.0;
				PRODUCT_BUNDLE_IDENTIFIER = ru.yanmoroz.RickAndMorty;
				PRODUCT_NAME = "$(TARGET_NAME)";
				SWIFT_EMIT_LOC_STRINGS = YES;
				SWIFT_VERSION = 5.0;
				TARGETED_DEVICE_FAMILY = "1,2";
			};
			name = Release;
		};
		A3D165F22B97C67D00F225CE /* Debug */ = {
			isa = XCBuildConfiguration;
			buildSettings = {
				ALWAYS_EMBED_SWIFT_STANDARD_LIBRARIES = YES;
				BUNDLE_LOADER = "$(TEST_HOST)";
				CODE_SIGN_STYLE = Automatic;
				CURRENT_PROJECT_VERSION = 1;
				DEVELOPMENT_TEAM = NF5X2BH93G;
				GENERATE_INFOPLIST_FILE = YES;
				IPHONEOS_DEPLOYMENT_TARGET = 16.6;
				MARKETING_VERSION = 1.0;
				PRODUCT_BUNDLE_IDENTIFIER = ru.yanmoroz.RickAndMortyTests;
				PRODUCT_NAME = "$(TARGET_NAME)";
				SWIFT_EMIT_LOC_STRINGS = NO;
				SWIFT_VERSION = 5.0;
				TARGETED_DEVICE_FAMILY = "1,2";
				TEST_HOST = "$(BUILT_PRODUCTS_DIR)/RickAndMorty.app/$(BUNDLE_EXECUTABLE_FOLDER_PATH)/RickAndMorty";
			};
			name = Debug;
		};
		A3D165F32B97C67D00F225CE /* Release */ = {
			isa = XCBuildConfiguration;
			buildSettings = {
				ALWAYS_EMBED_SWIFT_STANDARD_LIBRARIES = YES;
				BUNDLE_LOADER = "$(TEST_HOST)";
				CODE_SIGN_STYLE = Automatic;
				CURRENT_PROJECT_VERSION = 1;
				DEVELOPMENT_TEAM = NF5X2BH93G;
				GENERATE_INFOPLIST_FILE = YES;
				IPHONEOS_DEPLOYMENT_TARGET = 16.6;
				MARKETING_VERSION = 1.0;
				PRODUCT_BUNDLE_IDENTIFIER = ru.yanmoroz.RickAndMortyTests;
				PRODUCT_NAME = "$(TARGET_NAME)";
				SWIFT_EMIT_LOC_STRINGS = NO;
				SWIFT_VERSION = 5.0;
				TARGETED_DEVICE_FAMILY = "1,2";
				TEST_HOST = "$(BUILT_PRODUCTS_DIR)/RickAndMorty.app/$(BUNDLE_EXECUTABLE_FOLDER_PATH)/RickAndMorty";
			};
			name = Release;
		};
/* End XCBuildConfiguration section */

/* Begin XCConfigurationList section */
		A3D165BF2B97C67B00F225CE /* Build configuration list for PBXProject "RickAndMorty" */ = {
			isa = XCConfigurationList;
			buildConfigurations = (
				A3D165EC2B97C67D00F225CE /* Debug */,
				A3D165ED2B97C67D00F225CE /* Release */,
			);
			defaultConfigurationIsVisible = 0;
			defaultConfigurationName = Release;
		};
		A3D165EE2B97C67D00F225CE /* Build configuration list for PBXNativeTarget "RickAndMorty" */ = {
			isa = XCConfigurationList;
			buildConfigurations = (
				A3D165EF2B97C67D00F225CE /* Debug */,
				A3D165F02B97C67D00F225CE /* Release */,
			);
			defaultConfigurationIsVisible = 0;
			defaultConfigurationName = Release;
		};
		A3D165F12B97C67D00F225CE /* Build configuration list for PBXNativeTarget "RickAndMortyTests" */ = {
			isa = XCConfigurationList;
			buildConfigurations = (
				A3D165F22B97C67D00F225CE /* Debug */,
				A3D165F32B97C67D00F225CE /* Release */,
			);
			defaultConfigurationIsVisible = 0;
			defaultConfigurationName = Release;
		};
/* End XCConfigurationList section */
	};
	rootObject = A3D165BC2B97C67B00F225CE /* Project object */;
}
